// !$*UTF8*$!
{
	archiveVersion = 1;
	classes = {
	};
	objectVersion = 55;
	objects = {

/* Begin PBXBuildFile section */
		B504105C27E55B880034AF5F /* Message.swift in Sources */ = {isa = PBXBuildFile; fileRef = B504105B27E55B880034AF5F /* Message.swift */; };
		B504105E27E55BA00034AF5F /* GoogleService-Info.plist in Resources */ = {isa = PBXBuildFile; fileRef = B504105D27E55B9F0034AF5F /* GoogleService-Info.plist */; };
		B504106027E55E9C0034AF5F /* User.swift in Sources */ = {isa = PBXBuildFile; fileRef = B504105F27E55E9C0034AF5F /* User.swift */; };
		B504106227E560050034AF5F /* Tweet.swift in Sources */ = {isa = PBXBuildFile; fileRef = B504106127E560050034AF5F /* Tweet.swift */; };
		B5113EE527DAB50B00E1B271 /* TwitterClone_MVVM_SwiftUIApp.swift in Sources */ = {isa = PBXBuildFile; fileRef = B5113EE427DAB50B00E1B271 /* TwitterClone_MVVM_SwiftUIApp.swift */; };
		B5113EE727DAB50B00E1B271 /* ContentView.swift in Sources */ = {isa = PBXBuildFile; fileRef = B5113EE627DAB50B00E1B271 /* ContentView.swift */; };
		B5113EE927DAB50C00E1B271 /* Assets.xcassets in Resources */ = {isa = PBXBuildFile; fileRef = B5113EE827DAB50C00E1B271 /* Assets.xcassets */; };
		B5113EEC27DAB50C00E1B271 /* Preview Assets.xcassets in Resources */ = {isa = PBXBuildFile; fileRef = B5113EEB27DAB50C00E1B271 /* Preview Assets.xcassets */; };
		B5113EF427DAB6AA00E1B271 /* FirebaseAuth in Frameworks */ = {isa = PBXBuildFile; productRef = B5113EF327DAB6AA00E1B271 /* FirebaseAuth */; };
		B5113EF627DAB6AA00E1B271 /* FirebaseDatabase in Frameworks */ = {isa = PBXBuildFile; productRef = B5113EF527DAB6AA00E1B271 /* FirebaseDatabase */; };
		B5113EF827DAB6AA00E1B271 /* FirebaseFirestore in Frameworks */ = {isa = PBXBuildFile; productRef = B5113EF727DAB6AA00E1B271 /* FirebaseFirestore */; };
		B5113EFA27DAB6AA00E1B271 /* FirebaseFirestoreSwift-Beta in Frameworks */ = {isa = PBXBuildFile; productRef = B5113EF927DAB6AA00E1B271 /* FirebaseFirestoreSwift-Beta */; };
		B5113EFC27DAB6AA00E1B271 /* FirebaseInAppMessaging-Beta in Frameworks */ = {isa = PBXBuildFile; productRef = B5113EFB27DAB6AA00E1B271 /* FirebaseInAppMessaging-Beta */; };
		B5113EFE27DAB6AA00E1B271 /* FirebaseInAppMessagingSwift-Beta in Frameworks */ = {isa = PBXBuildFile; productRef = B5113EFD27DAB6AA00E1B271 /* FirebaseInAppMessagingSwift-Beta */; };
		B5113F0027DAB6AA00E1B271 /* FirebaseMessaging in Frameworks */ = {isa = PBXBuildFile; productRef = B5113EFF27DAB6AA00E1B271 /* FirebaseMessaging */; };
		B5113F0227DAB6AA00E1B271 /* FirebaseStorage in Frameworks */ = {isa = PBXBuildFile; productRef = B5113F0127DAB6AA00E1B271 /* FirebaseStorage */; };
		B5113F0427DAB6AA00E1B271 /* FirebaseStorageSwift-Beta in Frameworks */ = {isa = PBXBuildFile; productRef = B5113F0327DAB6AA00E1B271 /* FirebaseStorageSwift-Beta */; };
		B5113F0727DAB6FA00E1B271 /* KingfisherSwiftUI in Frameworks */ = {isa = PBXBuildFile; productRef = B5113F0627DAB6FA00E1B271 /* KingfisherSwiftUI */; };
		B5113F0927DAB6FA00E1B271 /* KingfisherSwiftUIDynamic in Frameworks */ = {isa = PBXBuildFile; productRef = B5113F0827DAB6FA00E1B271 /* KingfisherSwiftUIDynamic */; };
		B5113F0B27DAB6FA00E1B271 /* KingfisherSwiftUIStatic in Frameworks */ = {isa = PBXBuildFile; productRef = B5113F0A27DAB6FA00E1B271 /* KingfisherSwiftUIStatic */; };
		B530D9E227F677DD00680FEC /* AuthViewModel.swift in Sources */ = {isa = PBXBuildFile; fileRef = B530D9E127F677DD00680FEC /* AuthViewModel.swift */; };
		B530D9E427F6786800680FEC /* SideMenuViewModel.swift in Sources */ = {isa = PBXBuildFile; fileRef = B530D9E327F6786800680FEC /* SideMenuViewModel.swift */; };
		B530D9E627F6789500680FEC /* SearchViewModel.swift in Sources */ = {isa = PBXBuildFile; fileRef = B530D9E527F6789500680FEC /* SearchViewModel.swift */; };
		B530D9E827F678FE00680FEC /* FeedViewModel.swift in Sources */ = {isa = PBXBuildFile; fileRef = B530D9E727F678FE00680FEC /* FeedViewModel.swift */; };
		B530D9EA27F6793100680FEC /* NotificationViewModel.swift in Sources */ = {isa = PBXBuildFile; fileRef = B530D9E927F6793100680FEC /* NotificationViewModel.swift */; };
		B530D9EF27F7EE5500680FEC /* ProfileViewModel.swift in Sources */ = {isa = PBXBuildFile; fileRef = B530D9EE27F7EE5500680FEC /* ProfileViewModel.swift */; };
		B530D9F127F7EEFD00680FEC /* EditProfileViewModel.swift in Sources */ = {isa = PBXBuildFile; fileRef = B530D9F027F7EEFD00680FEC /* EditProfileViewModel.swift */; };
		B530D9F327F970EE00680FEC /* ConversationViewModel.swift in Sources */ = {isa = PBXBuildFile; fileRef = B530D9F227F970EE00680FEC /* ConversationViewModel.swift */; };
		B530D9F527F9711F00680FEC /* ChatViewModel.swift in Sources */ = {isa = PBXBuildFile; fileRef = B530D9F427F9711F00680FEC /* ChatViewModel.swift */; };
		B530D9F727FAAD1600680FEC /* TextArea.swift in Sources */ = {isa = PBXBuildFile; fileRef = B530D9F627FAAD1600680FEC /* TextArea.swift */; };
		B530D9F927FB6D0F00680FEC /* CustomTextField.swift in Sources */ = {isa = PBXBuildFile; fileRef = B530D9F827FB6D0F00680FEC /* CustomTextField.swift */; };
		B530D9FB27FBF25800680FEC /* CustomSecureField.swift in Sources */ = {isa = PBXBuildFile; fileRef = B530D9FA27FBF25800680FEC /* CustomSecureField.swift */; };
		B536098227E64986008A7050 /* Notification.swift in Sources */ = {isa = PBXBuildFile; fileRef = B536098127E64986008A7050 /* Notification.swift */; };
		B536098527E7A24B008A7050 /* Constants.swift in Sources */ = {isa = PBXBuildFile; fileRef = B536098427E7A24B008A7050 /* Constants.swift */; };
		B536098727E930AA008A7050 /* UserService.swift in Sources */ = {isa = PBXBuildFile; fileRef = B536098627E930AA008A7050 /* UserService.swift */; };
		B54525BC27F5362C0027F64D /* SideMenuHeaderView.swift in Sources */ = {isa = PBXBuildFile; fileRef = B54525BB27F5362C0027F64D /* SideMenuHeaderView.swift */; };
		B54525BE27F5365D0027F64D /* SideMenuOptionView.swift in Sources */ = {isa = PBXBuildFile; fileRef = B54525BD27F5365D0027F64D /* SideMenuOptionView.swift */; };
		B54525C027F536890027F64D /* SideMenuView.swift in Sources */ = {isa = PBXBuildFile; fileRef = B54525BF27F536890027F64D /* SideMenuView.swift */; };
		B576577E282732BA0005D14C /* FeedView.swift in Sources */ = {isa = PBXBuildFile; fileRef = B576577D282732BA0005D14C /* FeedView.swift */; };
		B5765780282732EA0005D14C /* UserCell.swift in Sources */ = {isa = PBXBuildFile; fileRef = B576577F282732EA0005D14C /* UserCell.swift */; };
		B5765782282733150005D14C /* SearchBar.swift in Sources */ = {isa = PBXBuildFile; fileRef = B5765781282733150005D14C /* SearchBar.swift */; };
		B5765784282733380005D14C /* SearchView.swift in Sources */ = {isa = PBXBuildFile; fileRef = B5765783282733380005D14C /* SearchView.swift */; };
		B5765786282733500005D14C /* LoginView.swift in Sources */ = {isa = PBXBuildFile; fileRef = B5765785282733500005D14C /* LoginView.swift */; };
		B5A5418428066A2E003378F0 /* MainTabView.swift in Sources */ = {isa = PBXBuildFile; fileRef = B5A5418328066A2E003378F0 /* MainTabView.swift */; };
		B5FF17DB2801C5B100DE431F /* ImagePicker.swift in Sources */ = {isa = PBXBuildFile; fileRef = B5FF17DA2801C5B100DE431F /* ImagePicker.swift */; };
		B5FF17DD2801C6FA00DE431F /* LazyView.swift in Sources */ = {isa = PBXBuildFile; fileRef = B5FF17DC2801C6FA00DE431F /* LazyView.swift */; };
		B5FF17DF2801C76C00DE431F /* TweetActionViewModel.swift in Sources */ = {isa = PBXBuildFile; fileRef = B5FF17DE2801C76C00DE431F /* TweetActionViewModel.swift */; };
		B5FF17E12801C7B400DE431F /* UploadTweetViewModel.swift in Sources */ = {isa = PBXBuildFile; fileRef = B5FF17E02801C7B400DE431F /* UploadTweetViewModel.swift */; };
		B5FF17E32803CDBE00DE431F /* NotificationsView.swift in Sources */ = {isa = PBXBuildFile; fileRef = B5FF17E22803CDBE00DE431F /* NotificationsView.swift */; };
		B5FF17E52803CDED00DE431F /* NotificationsTweetView.swift in Sources */ = {isa = PBXBuildFile; fileRef = B5FF17E42803CDED00DE431F /* NotificationsTweetView.swift */; };
		B5FF17E72803CE2B00DE431F /* NotificationCell.swift in Sources */ = {isa = PBXBuildFile; fileRef = B5FF17E62803CE2B00DE431F /* NotificationCell.swift */; };
/* End PBXBuildFile section */

/* Begin PBXFileReference section */
		B504105B27E55B880034AF5F /* Message.swift */ = {isa = PBXFileReference; lastKnownFileType = sourcecode.swift; path = Message.swift; sourceTree = "<group>"; };
		B504105D27E55B9F0034AF5F /* GoogleService-Info.plist */ = {isa = PBXFileReference; fileEncoding = 4; lastKnownFileType = text.plist.xml; path = "GoogleService-Info.plist"; sourceTree = "<group>"; };
		B504105F27E55E9C0034AF5F /* User.swift */ = {isa = PBXFileReference; lastKnownFileType = sourcecode.swift; path = User.swift; sourceTree = "<group>"; };
		B504106127E560050034AF5F /* Tweet.swift */ = {isa = PBXFileReference; lastKnownFileType = sourcecode.swift; path = Tweet.swift; sourceTree = "<group>"; };
		B5113EE127DAB50B00E1B271 /* TwitterClone-MVVM-SwiftUI.app */ = {isa = PBXFileReference; explicitFileType = wrapper.application; includeInIndex = 0; path = "TwitterClone-MVVM-SwiftUI.app"; sourceTree = BUILT_PRODUCTS_DIR; };
		B5113EE427DAB50B00E1B271 /* TwitterClone_MVVM_SwiftUIApp.swift */ = {isa = PBXFileReference; lastKnownFileType = sourcecode.swift; path = TwitterClone_MVVM_SwiftUIApp.swift; sourceTree = "<group>"; };
		B5113EE627DAB50B00E1B271 /* ContentView.swift */ = {isa = PBXFileReference; lastKnownFileType = sourcecode.swift; path = ContentView.swift; sourceTree = "<group>"; };
		B5113EE827DAB50C00E1B271 /* Assets.xcassets */ = {isa = PBXFileReference; lastKnownFileType = folder.assetcatalog; path = Assets.xcassets; sourceTree = "<group>"; };
		B5113EEB27DAB50C00E1B271 /* Preview Assets.xcassets */ = {isa = PBXFileReference; lastKnownFileType = folder.assetcatalog; path = "Preview Assets.xcassets"; sourceTree = "<group>"; };
		B530D9E127F677DD00680FEC /* AuthViewModel.swift */ = {isa = PBXFileReference; lastKnownFileType = sourcecode.swift; path = AuthViewModel.swift; sourceTree = "<group>"; };
		B530D9E327F6786800680FEC /* SideMenuViewModel.swift */ = {isa = PBXFileReference; lastKnownFileType = sourcecode.swift; path = SideMenuViewModel.swift; sourceTree = "<group>"; };
		B530D9E527F6789500680FEC /* SearchViewModel.swift */ = {isa = PBXFileReference; lastKnownFileType = sourcecode.swift; path = SearchViewModel.swift; sourceTree = "<group>"; };
		B530D9E727F678FE00680FEC /* FeedViewModel.swift */ = {isa = PBXFileReference; lastKnownFileType = sourcecode.swift; path = FeedViewModel.swift; sourceTree = "<group>"; };
		B530D9E927F6793100680FEC /* NotificationViewModel.swift */ = {isa = PBXFileReference; lastKnownFileType = sourcecode.swift; path = NotificationViewModel.swift; sourceTree = "<group>"; };
		B530D9EE27F7EE5500680FEC /* ProfileViewModel.swift */ = {isa = PBXFileReference; lastKnownFileType = sourcecode.swift; path = ProfileViewModel.swift; sourceTree = "<group>"; };
		B530D9F027F7EEFD00680FEC /* EditProfileViewModel.swift */ = {isa = PBXFileReference; lastKnownFileType = sourcecode.swift; path = EditProfileViewModel.swift; sourceTree = "<group>"; };
		B530D9F227F970EE00680FEC /* ConversationViewModel.swift */ = {isa = PBXFileReference; lastKnownFileType = sourcecode.swift; path = ConversationViewModel.swift; sourceTree = "<group>"; };
		B530D9F427F9711F00680FEC /* ChatViewModel.swift */ = {isa = PBXFileReference; lastKnownFileType = sourcecode.swift; path = ChatViewModel.swift; sourceTree = "<group>"; };
		B530D9F627FAAD1600680FEC /* TextArea.swift */ = {isa = PBXFileReference; lastKnownFileType = sourcecode.swift; path = TextArea.swift; sourceTree = "<group>"; };
		B530D9F827FB6D0F00680FEC /* CustomTextField.swift */ = {isa = PBXFileReference; lastKnownFileType = sourcecode.swift; path = CustomTextField.swift; sourceTree = "<group>"; };
		B530D9FA27FBF25800680FEC /* CustomSecureField.swift */ = {isa = PBXFileReference; lastKnownFileType = sourcecode.swift; path = CustomSecureField.swift; sourceTree = "<group>"; };
		B536098127E64986008A7050 /* Notification.swift */ = {isa = PBXFileReference; lastKnownFileType = sourcecode.swift; path = Notification.swift; sourceTree = "<group>"; };
		B536098427E7A24B008A7050 /* Constants.swift */ = {isa = PBXFileReference; lastKnownFileType = sourcecode.swift; path = Constants.swift; sourceTree = "<group>"; };
		B536098627E930AA008A7050 /* UserService.swift */ = {isa = PBXFileReference; lastKnownFileType = sourcecode.swift; path = UserService.swift; sourceTree = "<group>"; };
		B54525BB27F5362C0027F64D /* SideMenuHeaderView.swift */ = {isa = PBXFileReference; lastKnownFileType = sourcecode.swift; path = SideMenuHeaderView.swift; sourceTree = "<group>"; };
		B54525BD27F5365D0027F64D /* SideMenuOptionView.swift */ = {isa = PBXFileReference; lastKnownFileType = sourcecode.swift; path = SideMenuOptionView.swift; sourceTree = "<group>"; };
		B54525BF27F536890027F64D /* SideMenuView.swift */ = {isa = PBXFileReference; lastKnownFileType = sourcecode.swift; path = SideMenuView.swift; sourceTree = "<group>"; };
		B576577D282732BA0005D14C /* FeedView.swift */ = {isa = PBXFileReference; lastKnownFileType = sourcecode.swift; path = FeedView.swift; sourceTree = "<group>"; };
		B576577F282732EA0005D14C /* UserCell.swift */ = {isa = PBXFileReference; lastKnownFileType = sourcecode.swift; path = UserCell.swift; sourceTree = "<group>"; };
		B5765781282733150005D14C /* SearchBar.swift */ = {isa = PBXFileReference; lastKnownFileType = sourcecode.swift; path = SearchBar.swift; sourceTree = "<group>"; };
		B5765783282733380005D14C /* SearchView.swift */ = {isa = PBXFileReference; lastKnownFileType = sourcecode.swift; path = SearchView.swift; sourceTree = "<group>"; };
		B5765785282733500005D14C /* LoginView.swift */ = {isa = PBXFileReference; lastKnownFileType = sourcecode.swift; path = LoginView.swift; sourceTree = "<group>"; };
		B5A5418328066A2E003378F0 /* MainTabView.swift */ = {isa = PBXFileReference; lastKnownFileType = sourcecode.swift; path = MainTabView.swift; sourceTree = "<group>"; };
		B5FF17DA2801C5B100DE431F /* ImagePicker.swift */ = {isa = PBXFileReference; lastKnownFileType = sourcecode.swift; path = ImagePicker.swift; sourceTree = "<group>"; };
		B5FF17DC2801C6FA00DE431F /* LazyView.swift */ = {isa = PBXFileReference; lastKnownFileType = sourcecode.swift; path = LazyView.swift; sourceTree = "<group>"; };
		B5FF17DE2801C76C00DE431F /* TweetActionViewModel.swift */ = {isa = PBXFileReference; lastKnownFileType = sourcecode.swift; path = TweetActionViewModel.swift; sourceTree = "<group>"; };
		B5FF17E02801C7B400DE431F /* UploadTweetViewModel.swift */ = {isa = PBXFileReference; lastKnownFileType = sourcecode.swift; path = UploadTweetViewModel.swift; sourceTree = "<group>"; };
		B5FF17E22803CDBE00DE431F /* NotificationsView.swift */ = {isa = PBXFileReference; lastKnownFileType = sourcecode.swift; path = NotificationsView.swift; sourceTree = "<group>"; };
		B5FF17E42803CDED00DE431F /* NotificationsTweetView.swift */ = {isa = PBXFileReference; lastKnownFileType = sourcecode.swift; path = NotificationsTweetView.swift; sourceTree = "<group>"; };
		B5FF17E62803CE2B00DE431F /* NotificationCell.swift */ = {isa = PBXFileReference; lastKnownFileType = sourcecode.swift; path = NotificationCell.swift; sourceTree = "<group>"; };
/* End PBXFileReference section */

/* Begin PBXFrameworksBuildPhase section */
		B5113EDE27DAB50B00E1B271 /* Frameworks */ = {
			isa = PBXFrameworksBuildPhase;
			buildActionMask = 2147483647;
			files = (
				B5113EF627DAB6AA00E1B271 /* FirebaseDatabase in Frameworks */,
				B5113EFA27DAB6AA00E1B271 /* FirebaseFirestoreSwift-Beta in Frameworks */,
				B5113F0027DAB6AA00E1B271 /* FirebaseMessaging in Frameworks */,
				B5113EF427DAB6AA00E1B271 /* FirebaseAuth in Frameworks */,
				B5113F0727DAB6FA00E1B271 /* KingfisherSwiftUI in Frameworks */,
				B5113EF827DAB6AA00E1B271 /* FirebaseFirestore in Frameworks */,
				B5113F0427DAB6AA00E1B271 /* FirebaseStorageSwift-Beta in Frameworks */,
				B5113F0927DAB6FA00E1B271 /* KingfisherSwiftUIDynamic in Frameworks */,
				B5113F0B27DAB6FA00E1B271 /* KingfisherSwiftUIStatic in Frameworks */,
				B5113F0227DAB6AA00E1B271 /* FirebaseStorage in Frameworks */,
				B5113EFE27DAB6AA00E1B271 /* FirebaseInAppMessagingSwift-Beta in Frameworks */,
				B5113EFC27DAB6AA00E1B271 /* FirebaseInAppMessaging-Beta in Frameworks */,
			);
			runOnlyForDeploymentPostprocessing = 0;
		};
/* End PBXFrameworksBuildPhase section */

/* Begin PBXGroup section */
		B5113ED827DAB50B00E1B271 = {
			isa = PBXGroup;
			children = (
				B5113EE327DAB50B00E1B271 /* TwitterClone-MVVM-SwiftUI */,
				B5113EE227DAB50B00E1B271 /* Products */,
			);
			sourceTree = "<group>";
		};
		B5113EE227DAB50B00E1B271 /* Products */ = {
			isa = PBXGroup;
			children = (
				B5113EE127DAB50B00E1B271 /* TwitterClone-MVVM-SwiftUI.app */,
			);
			name = Products;
			sourceTree = "<group>";
		};
		B5113EE327DAB50B00E1B271 /* TwitterClone-MVVM-SwiftUI */ = {
			isa = PBXGroup;
			children = (
				B5113F0E27DAB86B00E1B271 /* Model */,
				B5113F0F27DAB87200E1B271 /* View */,
				B5113F1027DAB87600E1B271 /* ViewModels */,
				B5113F1127DAB87D00E1B271 /* Utils */,
				B5113F1227DAB88200E1B271 /* API */,
				B5113EE427DAB50B00E1B271 /* TwitterClone_MVVM_SwiftUIApp.swift */,
				B5113EE827DAB50C00E1B271 /* Assets.xcassets */,
				B504105D27E55B9F0034AF5F /* GoogleService-Info.plist */,
				B5113EEA27DAB50C00E1B271 /* Preview Content */,
			);
			path = "TwitterClone-MVVM-SwiftUI";
			sourceTree = "<group>";
		};
		B5113EEA27DAB50C00E1B271 /* Preview Content */ = {
			isa = PBXGroup;
			children = (
				B5113EEB27DAB50C00E1B271 /* Preview Assets.xcassets */,
			);
			path = "Preview Content";
			sourceTree = "<group>";
		};
		B5113F0E27DAB86B00E1B271 /* Model */ = {
			isa = PBXGroup;
			children = (
				B504105B27E55B880034AF5F /* Message.swift */,
				B504105F27E55E9C0034AF5F /* User.swift */,
				B504106127E560050034AF5F /* Tweet.swift */,
				B536098127E64986008A7050 /* Notification.swift */,
			);
			path = Model;
			sourceTree = "<group>";
		};
		B5113F0F27DAB87200E1B271 /* View */ = {
			isa = PBXGroup;
			children = (
				B54525B227F535CC0027F64D /* SideMenu */,
				B54525B327F535DC0027F64D /* Notifications */,
				B54525B427F535E30027F64D /* Main */,
				B54525B527F535E60027F64D /* Feed */,
				B54525B627F535EA0027F64D /* Search */,
				B54525B727F535F00027F64D /* Authentication */,
				B54525B827F535F60027F64D /* Tweets */,
				B54525B927F535FB0027F64D /* Profile */,
				B54525BA27F535FF0027F64D /* Messages */,
			);
			path = View;
			sourceTree = "<group>";
		};
		B5113F1027DAB87600E1B271 /* ViewModels */ = {
			isa = PBXGroup;
			children = (
				B530D9ED27F679E100680FEC /* Tweets */,
				B530D9EC27F679DC00680FEC /* Messages */,
				B530D9EB27F679D900680FEC /* Profile */,
				B530D9E127F677DD00680FEC /* AuthViewModel.swift */,
				B530D9E927F6793100680FEC /* NotificationViewModel.swift */,
				B530D9E327F6786800680FEC /* SideMenuViewModel.swift */,
				B530D9E527F6789500680FEC /* SearchViewModel.swift */,
				B530D9E727F678FE00680FEC /* FeedViewModel.swift */,
			);
			path = ViewModels;
			sourceTree = "<group>";
		};
		B5113F1127DAB87D00E1B271 /* Utils */ = {
			isa = PBXGroup;
			children = (
				B536098327E7A235008A7050 /* Views */,
				B536098427E7A24B008A7050 /* Constants.swift */,
			);
			path = Utils;
			sourceTree = "<group>";
		};
		B5113F1227DAB88200E1B271 /* API */ = {
			isa = PBXGroup;
			children = (
				B536098627E930AA008A7050 /* UserService.swift */,
			);
			path = API;
			sourceTree = "<group>";
		};
		B530D9EB27F679D900680FEC /* Profile */ = {
			isa = PBXGroup;
			children = (
				B530D9EE27F7EE5500680FEC /* ProfileViewModel.swift */,
				B530D9F027F7EEFD00680FEC /* EditProfileViewModel.swift */,
			);
			path = Profile;
			sourceTree = "<group>";
		};
		B530D9EC27F679DC00680FEC /* Messages */ = {
			isa = PBXGroup;
			children = (
				B530D9F227F970EE00680FEC /* ConversationViewModel.swift */,
				B530D9F427F9711F00680FEC /* ChatViewModel.swift */,
			);
			path = Messages;
			sourceTree = "<group>";
		};
		B530D9ED27F679E100680FEC /* Tweets */ = {
			isa = PBXGroup;
			children = (
				B5FF17DE2801C76C00DE431F /* TweetActionViewModel.swift */,
				B5FF17E02801C7B400DE431F /* UploadTweetViewModel.swift */,
			);
			path = Tweets;
			sourceTree = "<group>";
		};
		B536098327E7A235008A7050 /* Views */ = {
			isa = PBXGroup;
			children = (
				B530D9F627FAAD1600680FEC /* TextArea.swift */,
				B530D9F827FB6D0F00680FEC /* CustomTextField.swift */,
				B530D9FA27FBF25800680FEC /* CustomSecureField.swift */,
				B5FF17DA2801C5B100DE431F /* ImagePicker.swift */,
				B5FF17DC2801C6FA00DE431F /* LazyView.swift */,
			);
			path = Views;
			sourceTree = "<group>";
		};
		B54525B227F535CC0027F64D /* SideMenu */ = {
			isa = PBXGroup;
			children = (
				B54525BF27F536890027F64D /* SideMenuView.swift */,
				B54525BD27F5365D0027F64D /* SideMenuOptionView.swift */,
				B54525BB27F5362C0027F64D /* SideMenuHeaderView.swift */,
			);
			path = SideMenu;
			sourceTree = "<group>";
		};
		B54525B327F535DC0027F64D /* Notifications */ = {
			isa = PBXGroup;
			children = (
				B5FF17E22803CDBE00DE431F /* NotificationsView.swift */,
				B5FF17E42803CDED00DE431F /* NotificationsTweetView.swift */,
				B5FF17E62803CE2B00DE431F /* NotificationCell.swift */,
			);
			path = Notifications;
			sourceTree = "<group>";
		};
		B54525B427F535E30027F64D /* Main */ = {
			isa = PBXGroup;
			children = (
				B5113EE627DAB50B00E1B271 /* ContentView.swift */,
				B5A5418328066A2E003378F0 /* MainTabView.swift */,
			);
			path = Main;
			sourceTree = "<group>";
		};
		B54525B527F535E60027F64D /* Feed */ = {
			isa = PBXGroup;
			children = (
				B576577D282732BA0005D14C /* FeedView.swift */,
			);
			path = Feed;
			sourceTree = "<group>";
		};
		B54525B627F535EA0027F64D /* Search */ = {
			isa = PBXGroup;
			children = (
				B576577F282732EA0005D14C /* UserCell.swift */,
				B5765781282733150005D14C /* SearchBar.swift */,
				B5765783282733380005D14C /* SearchView.swift */,
			);
			path = Search;
			sourceTree = "<group>";
		};
		B54525B727F535F00027F64D /* Authentication */ = {
			isa = PBXGroup;
			children = (
				B5765785282733500005D14C /* LoginView.swift */,
			);
			path = Authentication;
			sourceTree = "<group>";
		};
		B54525B827F535F60027F64D /* Tweets */ = {
			isa = PBXGroup;
			children = (
			);
			path = Tweets;
			sourceTree = "<group>";
		};
		B54525B927F535FB0027F64D /* Profile */ = {
			isa = PBXGroup;
			children = (
			);
			path = Profile;
			sourceTree = "<group>";
		};
		B54525BA27F535FF0027F64D /* Messages */ = {
			isa = PBXGroup;
			children = (
			);
			path = Messages;
			sourceTree = "<group>";
		};
/* End PBXGroup section */

/* Begin PBXNativeTarget section */
		B5113EE027DAB50B00E1B271 /* TwitterClone-MVVM-SwiftUI */ = {
			isa = PBXNativeTarget;
			buildConfigurationList = B5113EEF27DAB50C00E1B271 /* Build configuration list for PBXNativeTarget "TwitterClone-MVVM-SwiftUI" */;
			buildPhases = (
				B5113EDD27DAB50B00E1B271 /* Sources */,
				B5113EDE27DAB50B00E1B271 /* Frameworks */,
				B5113EDF27DAB50B00E1B271 /* Resources */,
			);
			buildRules = (
			);
			dependencies = (
			);
			name = "TwitterClone-MVVM-SwiftUI";
			packageProductDependencies = (
				B5113EF327DAB6AA00E1B271 /* FirebaseAuth */,
				B5113EF527DAB6AA00E1B271 /* FirebaseDatabase */,
				B5113EF727DAB6AA00E1B271 /* FirebaseFirestore */,
				B5113EF927DAB6AA00E1B271 /* FirebaseFirestoreSwift-Beta */,
				B5113EFB27DAB6AA00E1B271 /* FirebaseInAppMessaging-Beta */,
				B5113EFD27DAB6AA00E1B271 /* FirebaseInAppMessagingSwift-Beta */,
				B5113EFF27DAB6AA00E1B271 /* FirebaseMessaging */,
				B5113F0127DAB6AA00E1B271 /* FirebaseStorage */,
				B5113F0327DAB6AA00E1B271 /* FirebaseStorageSwift-Beta */,
				B5113F0627DAB6FA00E1B271 /* KingfisherSwiftUI */,
				B5113F0827DAB6FA00E1B271 /* KingfisherSwiftUIDynamic */,
				B5113F0A27DAB6FA00E1B271 /* KingfisherSwiftUIStatic */,
			);
			productName = "TwitterClone-MVVM-SwiftUI";
			productReference = B5113EE127DAB50B00E1B271 /* TwitterClone-MVVM-SwiftUI.app */;
			productType = "com.apple.product-type.application";
		};
/* End PBXNativeTarget section */

/* Begin PBXProject section */
		B5113ED927DAB50B00E1B271 /* Project object */ = {
			isa = PBXProject;
			attributes = {
				BuildIndependentTargetsInParallel = 1;
				LastSwiftUpdateCheck = 1320;
				LastUpgradeCheck = 1320;
				TargetAttributes = {
					B5113EE027DAB50B00E1B271 = {
						CreatedOnToolsVersion = 13.2.1;
					};
				};
			};
			buildConfigurationList = B5113EDC27DAB50B00E1B271 /* Build configuration list for PBXProject "TwitterClone-MVVM-SwiftUI" */;
			compatibilityVersion = "Xcode 13.0";
			developmentRegion = en;
			hasScannedForEncodings = 0;
			knownRegions = (
				en,
				Base,
			);
			mainGroup = B5113ED827DAB50B00E1B271;
			packageReferences = (
				B5113EF227DAB6AA00E1B271 /* XCRemoteSwiftPackageReference "firebase-ios-sdk" */,
				B5113F0527DAB6F900E1B271 /* XCRemoteSwiftPackageReference "Kingfisher" */,
			);
			productRefGroup = B5113EE227DAB50B00E1B271 /* Products */;
			projectDirPath = "";
			projectRoot = "";
			targets = (
				B5113EE027DAB50B00E1B271 /* TwitterClone-MVVM-SwiftUI */,
			);
		};
/* End PBXProject section */

/* Begin PBXResourcesBuildPhase section */
		B5113EDF27DAB50B00E1B271 /* Resources */ = {
			isa = PBXResourcesBuildPhase;
			buildActionMask = 2147483647;
			files = (
				B5113EEC27DAB50C00E1B271 /* Preview Assets.xcassets in Resources */,
				B504105E27E55BA00034AF5F /* GoogleService-Info.plist in Resources */,
				B5113EE927DAB50C00E1B271 /* Assets.xcassets in Resources */,
			);
			runOnlyForDeploymentPostprocessing = 0;
		};
/* End PBXResourcesBuildPhase section */

/* Begin PBXSourcesBuildPhase section */
		B5113EDD27DAB50B00E1B271 /* Sources */ = {
			isa = PBXSourcesBuildPhase;
			buildActionMask = 2147483647;
			files = (
				B504106027E55E9C0034AF5F /* User.swift in Sources */,
				B530D9F727FAAD1600680FEC /* TextArea.swift in Sources */,
				B504106227E560050034AF5F /* Tweet.swift in Sources */,
				B5A5418428066A2E003378F0 /* MainTabView.swift in Sources */,
				B536098227E64986008A7050 /* Notification.swift in Sources */,
				B54525BE27F5365D0027F64D /* SideMenuOptionView.swift in Sources */,
				B54525C027F536890027F64D /* SideMenuView.swift in Sources */,
				B530D9E827F678FE00680FEC /* FeedViewModel.swift in Sources */,
				B530D9F127F7EEFD00680FEC /* EditProfileViewModel.swift in Sources */,
				B504105C27E55B880034AF5F /* Message.swift in Sources */,
				B5765784282733380005D14C /* SearchView.swift in Sources */,
				B536098727E930AA008A7050 /* UserService.swift in Sources */,
				B536098527E7A24B008A7050 /* Constants.swift in Sources */,
				B530D9EA27F6793100680FEC /* NotificationViewModel.swift in Sources */,
				B530D9F927FB6D0F00680FEC /* CustomTextField.swift in Sources */,
				B530D9E627F6789500680FEC /* SearchViewModel.swift in Sources */,
				B5765782282733150005D14C /* SearchBar.swift in Sources */,
				B5FF17DF2801C76C00DE431F /* TweetActionViewModel.swift in Sources */,
				B530D9E427F6786800680FEC /* SideMenuViewModel.swift in Sources */,
				B530D9E227F677DD00680FEC /* AuthViewModel.swift in Sources */,
				B530D9EF27F7EE5500680FEC /* ProfileViewModel.swift in Sources */,
				B54525BC27F5362C0027F64D /* SideMenuHeaderView.swift in Sources */,
				B5765780282732EA0005D14C /* UserCell.swift in Sources */,
				B5113EE727DAB50B00E1B271 /* ContentView.swift in Sources */,
				B5FF17E52803CDED00DE431F /* NotificationsTweetView.swift in Sources */,
				B530D9FB27FBF25800680FEC /* CustomSecureField.swift in Sources */,
				B530D9F327F970EE00680FEC /* ConversationViewModel.swift in Sources */,
				B576577E282732BA0005D14C /* FeedView.swift in Sources */,
				B5FF17DB2801C5B100DE431F /* ImagePicker.swift in Sources */,
				B530D9F527F9711F00680FEC /* ChatViewModel.swift in Sources */,
				B5765786282733500005D14C /* LoginView.swift in Sources */,
				B5FF17DD2801C6FA00DE431F /* LazyView.swift in Sources */,
				B5113EE527DAB50B00E1B271 /* TwitterClone_MVVM_SwiftUIApp.swift in Sources */,
				B5FF17E12801C7B400DE431F /* UploadTweetViewModel.swift in Sources */,
				B5FF17E72803CE2B00DE431F /* NotificationCell.swift in Sources */,
				B5FF17E32803CDBE00DE431F /* NotificationsView.swift in Sources */,
			);
			runOnlyForDeploymentPostprocessing = 0;
		};
/* End PBXSourcesBuildPhase section */

/* Begin XCBuildConfiguration section */
		B5113EED27DAB50C00E1B271 /* Debug */ = {
			isa = XCBuildConfiguration;
			buildSettings = {
				ALWAYS_SEARCH_USER_PATHS = NO;
				CLANG_ANALYZER_NONNULL = YES;
				CLANG_ANALYZER_NUMBER_OBJECT_CONVERSION = YES_AGGRESSIVE;
				CLANG_CXX_LANGUAGE_STANDARD = "gnu++17";
				CLANG_CXX_LIBRARY = "libc++";
				CLANG_ENABLE_MODULES = YES;
				CLANG_ENABLE_OBJC_ARC = YES;
				CLANG_ENABLE_OBJC_WEAK = YES;
				CLANG_WARN_BLOCK_CAPTURE_AUTORELEASING = YES;
				CLANG_WARN_BOOL_CONVERSION = YES;
				CLANG_WARN_COMMA = YES;
				CLANG_WARN_CONSTANT_CONVERSION = YES;
				CLANG_WARN_DEPRECATED_OBJC_IMPLEMENTATIONS = YES;
				CLANG_WARN_DIRECT_OBJC_ISA_USAGE = YES_ERROR;
				CLANG_WARN_DOCUMENTATION_COMMENTS = YES;
				CLANG_WARN_EMPTY_BODY = YES;
				CLANG_WARN_ENUM_CONVERSION = YES;
				CLANG_WARN_INFINITE_RECURSION = YES;
				CLANG_WARN_INT_CONVERSION = YES;
				CLANG_WARN_NON_LITERAL_NULL_CONVERSION = YES;
				CLANG_WARN_OBJC_IMPLICIT_RETAIN_SELF = YES;
				CLANG_WARN_OBJC_LITERAL_CONVERSION = YES;
				CLANG_WARN_OBJC_ROOT_CLASS = YES_ERROR;
				CLANG_WARN_QUOTED_INCLUDE_IN_FRAMEWORK_HEADER = YES;
				CLANG_WARN_RANGE_LOOP_ANALYSIS = YES;
				CLANG_WARN_STRICT_PROTOTYPES = YES;
				CLANG_WARN_SUSPICIOUS_MOVE = YES;
				CLANG_WARN_UNGUARDED_AVAILABILITY = YES_AGGRESSIVE;
				CLANG_WARN_UNREACHABLE_CODE = YES;
				CLANG_WARN__DUPLICATE_METHOD_MATCH = YES;
				COPY_PHASE_STRIP = NO;
				DEBUG_INFORMATION_FORMAT = dwarf;
				ENABLE_STRICT_OBJC_MSGSEND = YES;
				ENABLE_TESTABILITY = YES;
				GCC_C_LANGUAGE_STANDARD = gnu11;
				GCC_DYNAMIC_NO_PIC = NO;
				GCC_NO_COMMON_BLOCKS = YES;
				GCC_OPTIMIZATION_LEVEL = 0;
				GCC_PREPROCESSOR_DEFINITIONS = (
					"DEBUG=1",
					"$(inherited)",
				);
				GCC_WARN_64_TO_32_BIT_CONVERSION = YES;
				GCC_WARN_ABOUT_RETURN_TYPE = YES_ERROR;
				GCC_WARN_UNDECLARED_SELECTOR = YES;
				GCC_WARN_UNINITIALIZED_AUTOS = YES_AGGRESSIVE;
				GCC_WARN_UNUSED_FUNCTION = YES;
				GCC_WARN_UNUSED_VARIABLE = YES;
				IPHONEOS_DEPLOYMENT_TARGET = 15.2;
				MTL_ENABLE_DEBUG_INFO = INCLUDE_SOURCE;
				MTL_FAST_MATH = YES;
				ONLY_ACTIVE_ARCH = YES;
				SDKROOT = iphoneos;
				SWIFT_ACTIVE_COMPILATION_CONDITIONS = DEBUG;
				SWIFT_OPTIMIZATION_LEVEL = "-Onone";
			};
			name = Debug;
		};
		B5113EEE27DAB50C00E1B271 /* Release */ = {
			isa = XCBuildConfiguration;
			buildSettings = {
				ALWAYS_SEARCH_USER_PATHS = NO;
				CLANG_ANALYZER_NONNULL = YES;
				CLANG_ANALYZER_NUMBER_OBJECT_CONVERSION = YES_AGGRESSIVE;
				CLANG_CXX_LANGUAGE_STANDARD = "gnu++17";
				CLANG_CXX_LIBRARY = "libc++";
				CLANG_ENABLE_MODULES = YES;
				CLANG_ENABLE_OBJC_ARC = YES;
				CLANG_ENABLE_OBJC_WEAK = YES;
				CLANG_WARN_BLOCK_CAPTURE_AUTORELEASING = YES;
				CLANG_WARN_BOOL_CONVERSION = YES;
				CLANG_WARN_COMMA = YES;
				CLANG_WARN_CONSTANT_CONVERSION = YES;
				CLANG_WARN_DEPRECATED_OBJC_IMPLEMENTATIONS = YES;
				CLANG_WARN_DIRECT_OBJC_ISA_USAGE = YES_ERROR;
				CLANG_WARN_DOCUMENTATION_COMMENTS = YES;
				CLANG_WARN_EMPTY_BODY = YES;
				CLANG_WARN_ENUM_CONVERSION = YES;
				CLANG_WARN_INFINITE_RECURSION = YES;
				CLANG_WARN_INT_CONVERSION = YES;
				CLANG_WARN_NON_LITERAL_NULL_CONVERSION = YES;
				CLANG_WARN_OBJC_IMPLICIT_RETAIN_SELF = YES;
				CLANG_WARN_OBJC_LITERAL_CONVERSION = YES;
				CLANG_WARN_OBJC_ROOT_CLASS = YES_ERROR;
				CLANG_WARN_QUOTED_INCLUDE_IN_FRAMEWORK_HEADER = YES;
				CLANG_WARN_RANGE_LOOP_ANALYSIS = YES;
				CLANG_WARN_STRICT_PROTOTYPES = YES;
				CLANG_WARN_SUSPICIOUS_MOVE = YES;
				CLANG_WARN_UNGUARDED_AVAILABILITY = YES_AGGRESSIVE;
				CLANG_WARN_UNREACHABLE_CODE = YES;
				CLANG_WARN__DUPLICATE_METHOD_MATCH = YES;
				COPY_PHASE_STRIP = NO;
				DEBUG_INFORMATION_FORMAT = "dwarf-with-dsym";
				ENABLE_NS_ASSERTIONS = NO;
				ENABLE_STRICT_OBJC_MSGSEND = YES;
				GCC_C_LANGUAGE_STANDARD = gnu11;
				GCC_NO_COMMON_BLOCKS = YES;
				GCC_WARN_64_TO_32_BIT_CONVERSION = YES;
				GCC_WARN_ABOUT_RETURN_TYPE = YES_ERROR;
				GCC_WARN_UNDECLARED_SELECTOR = YES;
				GCC_WARN_UNINITIALIZED_AUTOS = YES_AGGRESSIVE;
				GCC_WARN_UNUSED_FUNCTION = YES;
				GCC_WARN_UNUSED_VARIABLE = YES;
				IPHONEOS_DEPLOYMENT_TARGET = 15.2;
				MTL_ENABLE_DEBUG_INFO = NO;
				MTL_FAST_MATH = YES;
				SDKROOT = iphoneos;
				SWIFT_COMPILATION_MODE = wholemodule;
				SWIFT_OPTIMIZATION_LEVEL = "-O";
				VALIDATE_PRODUCT = YES;
			};
			name = Release;
		};
		B5113EF027DAB50C00E1B271 /* Debug */ = {
			isa = XCBuildConfiguration;
			buildSettings = {
				ASSETCATALOG_COMPILER_APPICON_NAME = AppIcon;
				ASSETCATALOG_COMPILER_GLOBAL_ACCENT_COLOR_NAME = AccentColor;
				CODE_SIGN_STYLE = Automatic;
				CURRENT_PROJECT_VERSION = 1;
				DEVELOPMENT_ASSET_PATHS = "\"TwitterClone-MVVM-SwiftUI/Preview Content\"";
				DEVELOPMENT_TEAM = FVZJ4Z5QQ2;
				ENABLE_PREVIEWS = YES;
				GENERATE_INFOPLIST_FILE = YES;
				INFOPLIST_KEY_UIApplicationSceneManifest_Generation = YES;
				INFOPLIST_KEY_UIApplicationSupportsIndirectInputEvents = YES;
				INFOPLIST_KEY_UILaunchScreen_Generation = YES;
				INFOPLIST_KEY_UISupportedInterfaceOrientations_iPad = "UIInterfaceOrientationPortrait UIInterfaceOrientationPortraitUpsideDown UIInterfaceOrientationLandscapeLeft UIInterfaceOrientationLandscapeRight";
				INFOPLIST_KEY_UISupportedInterfaceOrientations_iPhone = "UIInterfaceOrientationPortrait UIInterfaceOrientationLandscapeLeft UIInterfaceOrientationLandscapeRight";
				LD_RUNPATH_SEARCH_PATHS = (
					"$(inherited)",
					"@executable_path/Frameworks",
				);
				MARKETING_VERSION = 1.0;
				PRODUCT_BUNDLE_IDENTIFIER = "com-mehdi.TwitterClone-MVVM-SwiftUI";
				PRODUCT_NAME = "$(TARGET_NAME)";
				SWIFT_EMIT_LOC_STRINGS = YES;
				SWIFT_VERSION = 5.0;
				TARGETED_DEVICE_FAMILY = "1,2";
			};
			name = Debug;
		};
		B5113EF127DAB50C00E1B271 /* Release */ = {
			isa = XCBuildConfiguration;
			buildSettings = {
				ASSETCATALOG_COMPILER_APPICON_NAME = AppIcon;
				ASSETCATALOG_COMPILER_GLOBAL_ACCENT_COLOR_NAME = AccentColor;
				CODE_SIGN_STYLE = Automatic;
				CURRENT_PROJECT_VERSION = 1;
				DEVELOPMENT_ASSET_PATHS = "\"TwitterClone-MVVM-SwiftUI/Preview Content\"";
				DEVELOPMENT_TEAM = FVZJ4Z5QQ2;
				ENABLE_PREVIEWS = YES;
				GENERATE_INFOPLIST_FILE = YES;
				INFOPLIST_KEY_UIApplicationSceneManifest_Generation = YES;
				INFOPLIST_KEY_UIApplicationSupportsIndirectInputEvents = YES;
				INFOPLIST_KEY_UILaunchScreen_Generation = YES;
				INFOPLIST_KEY_UISupportedInterfaceOrientations_iPad = "UIInterfaceOrientationPortrait UIInterfaceOrientationPortraitUpsideDown UIInterfaceOrientationLandscapeLeft UIInterfaceOrientationLandscapeRight";
				INFOPLIST_KEY_UISupportedInterfaceOrientations_iPhone = "UIInterfaceOrientationPortrait UIInterfaceOrientationLandscapeLeft UIInterfaceOrientationLandscapeRight";
				LD_RUNPATH_SEARCH_PATHS = (
					"$(inherited)",
					"@executable_path/Frameworks",
				);
				MARKETING_VERSION = 1.0;
				PRODUCT_BUNDLE_IDENTIFIER = "com-mehdi.TwitterClone-MVVM-SwiftUI";
				PRODUCT_NAME = "$(TARGET_NAME)";
				SWIFT_EMIT_LOC_STRINGS = YES;
				SWIFT_VERSION = 5.0;
				TARGETED_DEVICE_FAMILY = "1,2";
			};
			name = Release;
		};
/* End XCBuildConfiguration section */

/* Begin XCConfigurationList section */
		B5113EDC27DAB50B00E1B271 /* Build configuration list for PBXProject "TwitterClone-MVVM-SwiftUI" */ = {
			isa = XCConfigurationList;
			buildConfigurations = (
				B5113EED27DAB50C00E1B271 /* Debug */,
				B5113EEE27DAB50C00E1B271 /* Release */,
			);
			defaultConfigurationIsVisible = 0;
			defaultConfigurationName = Release;
		};
		B5113EEF27DAB50C00E1B271 /* Build configuration list for PBXNativeTarget "TwitterClone-MVVM-SwiftUI" */ = {
			isa = XCConfigurationList;
			buildConfigurations = (
				B5113EF027DAB50C00E1B271 /* Debug */,
				B5113EF127DAB50C00E1B271 /* Release */,
			);
			defaultConfigurationIsVisible = 0;
			defaultConfigurationName = Release;
		};
/* End XCConfigurationList section */

/* Begin XCRemoteSwiftPackageReference section */
		B5113EF227DAB6AA00E1B271 /* XCRemoteSwiftPackageReference "firebase-ios-sdk" */ = {
			isa = XCRemoteSwiftPackageReference;
			repositoryURL = "https://github.com/firebase/firebase-ios-sdk";
			requirement = {
				kind = upToNextMajorVersion;
				minimumVersion = 7.1.0;
			};
		};
		B5113F0527DAB6F900E1B271 /* XCRemoteSwiftPackageReference "Kingfisher" */ = {
			isa = XCRemoteSwiftPackageReference;
			repositoryURL = "https://github.com/onevcat/Kingfisher";
			requirement = {
				kind = upToNextMajorVersion;
				minimumVersion = 5.15.8;
			};
		};
/* End XCRemoteSwiftPackageReference section */

/* Begin XCSwiftPackageProductDependency section */
		B5113EF327DAB6AA00E1B271 /* FirebaseAuth */ = {
			isa = XCSwiftPackageProductDependency;
			package = B5113EF227DAB6AA00E1B271 /* XCRemoteSwiftPackageReference "firebase-ios-sdk" */;
			productName = FirebaseAuth;
		};
		B5113EF527DAB6AA00E1B271 /* FirebaseDatabase */ = {
			isa = XCSwiftPackageProductDependency;
			package = B5113EF227DAB6AA00E1B271 /* XCRemoteSwiftPackageReference "firebase-ios-sdk" */;
			productName = FirebaseDatabase;
		};
		B5113EF727DAB6AA00E1B271 /* FirebaseFirestore */ = {
			isa = XCSwiftPackageProductDependency;
			package = B5113EF227DAB6AA00E1B271 /* XCRemoteSwiftPackageReference "firebase-ios-sdk" */;
			productName = FirebaseFirestore;
		};
		B5113EF927DAB6AA00E1B271 /* FirebaseFirestoreSwift-Beta */ = {
			isa = XCSwiftPackageProductDependency;
			package = B5113EF227DAB6AA00E1B271 /* XCRemoteSwiftPackageReference "firebase-ios-sdk" */;
			productName = "FirebaseFirestoreSwift-Beta";
		};
		B5113EFB27DAB6AA00E1B271 /* FirebaseInAppMessaging-Beta */ = {
			isa = XCSwiftPackageProductDependency;
			package = B5113EF227DAB6AA00E1B271 /* XCRemoteSwiftPackageReference "firebase-ios-sdk" */;
			productName = "FirebaseInAppMessaging-Beta";
		};
		B5113EFD27DAB6AA00E1B271 /* FirebaseInAppMessagingSwift-Beta */ = {
			isa = XCSwiftPackageProductDependency;
			package = B5113EF227DAB6AA00E1B271 /* XCRemoteSwiftPackageReference "firebase-ios-sdk" */;
			productName = "FirebaseInAppMessagingSwift-Beta";
		};
		B5113EFF27DAB6AA00E1B271 /* FirebaseMessaging */ = {
			isa = XCSwiftPackageProductDependency;
			package = B5113EF227DAB6AA00E1B271 /* XCRemoteSwiftPackageReference "firebase-ios-sdk" */;
			productName = FirebaseMessaging;
		};
		B5113F0127DAB6AA00E1B271 /* FirebaseStorage */ = {
			isa = XCSwiftPackageProductDependency;
			package = B5113EF227DAB6AA00E1B271 /* XCRemoteSwiftPackageReference "firebase-ios-sdk" */;
			productName = FirebaseStorage;
		};
		B5113F0327DAB6AA00E1B271 /* FirebaseStorageSwift-Beta */ = {
			isa = XCSwiftPackageProductDependency;
			package = B5113EF227DAB6AA00E1B271 /* XCRemoteSwiftPackageReference "firebase-ios-sdk" */;
			productName = "FirebaseStorageSwift-Beta";
		};
		B5113F0627DAB6FA00E1B271 /* KingfisherSwiftUI */ = {
			isa = XCSwiftPackageProductDependency;
			package = B5113F0527DAB6F900E1B271 /* XCRemoteSwiftPackageReference "Kingfisher" */;
			productName = KingfisherSwiftUI;
		};
		B5113F0827DAB6FA00E1B271 /* KingfisherSwiftUIDynamic */ = {
			isa = XCSwiftPackageProductDependency;
			package = B5113F0527DAB6F900E1B271 /* XCRemoteSwiftPackageReference "Kingfisher" */;
			productName = KingfisherSwiftUIDynamic;
		};
		B5113F0A27DAB6FA00E1B271 /* KingfisherSwiftUIStatic */ = {
			isa = XCSwiftPackageProductDependency;
			package = B5113F0527DAB6F900E1B271 /* XCRemoteSwiftPackageReference "Kingfisher" */;
			productName = KingfisherSwiftUIStatic;
		};
/* End XCSwiftPackageProductDependency section */
	};
	rootObject = B5113ED927DAB50B00E1B271 /* Project object */;
}
